
Microsoft Visual Studio Solution File, Format Version 12.00
# Visual Studio Version 16
VisualStudioVersion = 16.0.28917.181
MinimumVisualStudioVersion = 10.0.40219.1
Project("{FAE04EC0-301F-11D3-BF4B-00C04F79EFBC}") = "ControlMedicoApi", "ControlMedicoApi\ControlMedicoApi.csproj", "{A9ADC1D4-78D6-47EC-88F7-B42D83A82E8F}"
EndProject
Project("{FAE04EC0-301F-11D3-BF4B-00C04F79EFBC}") = "ControlMedicoApi.Tests", "ControlMedicoApi.Tests\ControlMedicoApi.Tests.csproj", "{614A7B8F-3631-42D2-8D68-FCA3D77A20F7}"
EndProject
Project("{FAE04EC0-301F-11D3-BF4B-00C04F79EFBC}") = "ControlMedicoWinForms", "ControlMedicoWinForms\ControlMedicoWinForms.csproj", "{215A7945-668A-408E-8263-B63CBC8F044D}"
EndProject
Project("{E24C65DC-7377-472B-9ABA-BC803B73C61A}") = "ControlMedicoWebAngular", "ControlMedicoWebAngular", "{B87ED302-01EE-4A64-8608-DD5555AAE936}"
	ProjectSection(WebsiteProperties) = preProject
		SccProjectName = "SAK"
		SccAuxPath = "SAK"
		SccLocalPath = "SAK"
		SccProvider = "SAK"
		TargetFrameworkMoniker = ".NETFramework,Version%3Dv4.0"
		Debug.AspNetCompiler.VirtualPath = "/localhost_51955"
		Debug.AspNetCompiler.PhysicalPath = "ControlMedicoWebAngular\"
		Debug.AspNetCompiler.TargetPath = "PrecompiledWeb\localhost_51955\"
		Debug.AspNetCompiler.Updateable = "true"
		Debug.AspNetCompiler.ForceOverwrite = "true"
		Debug.AspNetCompiler.FixedNames = "false"
		Debug.AspNetCompiler.Debug = "True"
		Release.AspNetCompiler.VirtualPath = "/localhost_51955"
		Release.AspNetCompiler.PhysicalPath = "ControlMedicoWebAngular\"
		Release.AspNetCompiler.TargetPath = "PrecompiledWeb\localhost_51955\"
		Release.AspNetCompiler.Updateable = "true"
		Release.AspNetCompiler.ForceOverwrite = "true"
		Release.AspNetCompiler.FixedNames = "false"
		Release.AspNetCompiler.Debug = "False"
		VWDPort = "51955"
		SlnRelativePath = "ControlMedicoWebAngular\"
	EndProjectSection
EndProject
Project("{FAE04EC0-301F-11D3-BF4B-00C04F79EFBC}") = "ControlMedicoWpf", "ControlMedicoWpf\ControlMedicoWpf.csproj", "{2AD7FC38-084C-40E0-84EC-194EDD4A2428}"
EndProject
Project("{FAE04EC0-301F-11D3-BF4B-00C04F79EFBC}") = "ControlMedicoWindows", "ControlMedicoWindows\ControlMedicoWindows.csproj", "{E5B28FDA-408D-46B9-95DE-8107429D2540}"
EndProject
Project("{FAE04EC0-301F-11D3-BF4B-00C04F79EFBC}") = "ControlMedicoConnector", "ControlMedicoConnector\ControlMedicoConnector.csproj", "{DA41DF5B-30CD-4E14-A0E0-EA641C53F88A}"
EndProject
Project("{930C7802-8A8C-48F9-8165-68863BCCD9DD}") = "ControlMedicoInstaller", "ControlMedicoInstaller\ControlMedicoInstaller.wixproj", "{4A7A994B-90DF-410E-BC26-4706AB40E239}"
EndProject
Project("{FAE04EC0-301F-11D3-BF4B-00C04F79EFBC}") = "TextControl", "TextControl\TextControl\TextControl.csproj", "{DA00B3D9-7CE5-4634-A7D2-9A6D3F92C382}"
EndProject
Global
	GlobalSection(SolutionConfigurationPlatforms) = preSolution
		Debug|Any CPU = Debug|Any CPU
		Debug|ARM = Debug|ARM
		Debug|x64 = Debug|x64
		Debug|x86 = Debug|x86
		Release|Any CPU = Release|Any CPU
		Release|ARM = Release|ARM
		Release|x64 = Release|x64
		Release|x86 = Release|x86
		Trial|Any CPU = Trial|Any CPU
		Trial|ARM = Trial|ARM
		Trial|x64 = Trial|x64
		Trial|x86 = Trial|x86
	EndGlobalSection
	GlobalSection(ProjectConfigurationPlatforms) = postSolution
		{A9ADC1D4-78D6-47EC-88F7-B42D83A82E8F}.Debug|Any CPU.ActiveCfg = Debug|Any CPU
		{A9ADC1D4-78D6-47EC-88F7-B42D83A82E8F}.Debug|Any CPU.Build.0 = Debug|Any CPU
		{A9ADC1D4-78D6-47EC-88F7-B42D83A82E8F}.Debug|ARM.ActiveCfg = Debug|Any CPU
		{A9ADC1D4-78D6-47EC-88F7-B42D83A82E8F}.Debug|ARM.Build.0 = Debug|Any CPU
		{A9ADC1D4-78D6-47EC-88F7-B42D83A82E8F}.Debug|x64.ActiveCfg = Debug|Any CPU
		{A9ADC1D4-78D6-47EC-88F7-B42D83A82E8F}.Debug|x64.Build.0 = Debug|Any CPU
		{A9ADC1D4-78D6-47EC-88F7-B42D83A82E8F}.Debug|x86.ActiveCfg = Debug|Any CPU
		{A9ADC1D4-78D6-47EC-88F7-B42D83A82E8F}.Debug|x86.Build.0 = Debug|Any CPU
		{A9ADC1D4-78D6-47EC-88F7-B42D83A82E8F}.Release|Any CPU.ActiveCfg = Release|Any CPU
		{A9ADC1D4-78D6-47EC-88F7-B42D83A82E8F}.Release|Any CPU.Build.0 = Release|Any CPU
		{A9ADC1D4-78D6-47EC-88F7-B42D83A82E8F}.Release|ARM.ActiveCfg = Release|Any CPU
		{A9ADC1D4-78D6-47EC-88F7-B42D83A82E8F}.Release|ARM.Build.0 = Release|Any CPU
		{A9ADC1D4-78D6-47EC-88F7-B42D83A82E8F}.Release|x64.ActiveCfg = Release|Any CPU
		{A9ADC1D4-78D6-47EC-88F7-B42D83A82E8F}.Release|x64.Build.0 = Release|Any CPU
		{A9ADC1D4-78D6-47EC-88F7-B42D83A82E8F}.Release|x86.ActiveCfg = Release|Any CPU
		{A9ADC1D4-78D6-47EC-88F7-B42D83A82E8F}.Release|x86.Build.0 = Release|Any CPU
		{A9ADC1D4-78D6-47EC-88F7-B42D83A82E8F}.Trial|Any CPU.ActiveCfg = Release|Any CPU
		{A9ADC1D4-78D6-47EC-88F7-B42D83A82E8F}.Trial|Any CPU.Build.0 = Release|Any CPU
		{A9ADC1D4-78D6-47EC-88F7-B42D83A82E8F}.Trial|ARM.ActiveCfg = Release|Any CPU
		{A9ADC1D4-78D6-47EC-88F7-B42D83A82E8F}.Trial|ARM.Build.0 = Release|Any CPU
		{A9ADC1D4-78D6-47EC-88F7-B42D83A82E8F}.Trial|x64.ActiveCfg = Release|Any CPU
		{A9ADC1D4-78D6-47EC-88F7-B42D83A82E8F}.Trial|x64.Build.0 = Release|Any CPU
		{A9ADC1D4-78D6-47EC-88F7-B42D83A82E8F}.Trial|x86.ActiveCfg = Release|Any CPU
		{A9ADC1D4-78D6-47EC-88F7-B42D83A82E8F}.Trial|x86.Build.0 = Release|Any CPU
		{614A7B8F-3631-42D2-8D68-FCA3D77A20F7}.Debug|Any CPU.ActiveCfg = Debug|Any CPU
		{614A7B8F-3631-42D2-8D68-FCA3D77A20F7}.Debug|Any CPU.Build.0 = Debug|Any CPU
		{614A7B8F-3631-42D2-8D68-FCA3D77A20F7}.Debug|ARM.ActiveCfg = Debug|Any CPU
		{614A7B8F-3631-42D2-8D68-FCA3D77A20F7}.Debug|ARM.Build.0 = Debug|Any CPU
		{614A7B8F-3631-42D2-8D68-FCA3D77A20F7}.Debug|x64.ActiveCfg = Debug|Any CPU
		{614A7B8F-3631-42D2-8D68-FCA3D77A20F7}.Debug|x64.Build.0 = Debug|Any CPU
		{614A7B8F-3631-42D2-8D68-FCA3D77A20F7}.Debug|x86.ActiveCfg = Debug|Any CPU
		{614A7B8F-3631-42D2-8D68-FCA3D77A20F7}.Debug|x86.Build.0 = Debug|Any CPU
		{614A7B8F-3631-42D2-8D68-FCA3D77A20F7}.Release|Any CPU.ActiveCfg = Release|Any CPU
		{614A7B8F-3631-42D2-8D68-FCA3D77A20F7}.Release|Any CPU.Build.0 = Release|Any CPU
		{614A7B8F-3631-42D2-8D68-FCA3D77A20F7}.Release|ARM.ActiveCfg = Release|Any CPU
		{614A7B8F-3631-42D2-8D68-FCA3D77A20F7}.Release|ARM.Build.0 = Release|Any CPU
		{614A7B8F-3631-42D2-8D68-FCA3D77A20F7}.Release|x64.ActiveCfg = Release|Any CPU
		{614A7B8F-3631-42D2-8D68-FCA3D77A20F7}.Release|x64.Build.0 = Release|Any CPU
		{614A7B8F-3631-42D2-8D68-FCA3D77A20F7}.Release|x86.ActiveCfg = Release|Any CPU
		{614A7B8F-3631-42D2-8D68-FCA3D77A20F7}.Release|x86.Build.0 = Release|Any CPU
		{614A7B8F-3631-42D2-8D68-FCA3D77A20F7}.Trial|Any CPU.ActiveCfg = Release|Any CPU
		{614A7B8F-3631-42D2-8D68-FCA3D77A20F7}.Trial|Any CPU.Build.0 = Release|Any CPU
		{614A7B8F-3631-42D2-8D68-FCA3D77A20F7}.Trial|ARM.ActiveCfg = Release|Any CPU
		{614A7B8F-3631-42D2-8D68-FCA3D77A20F7}.Trial|ARM.Build.0 = Release|Any CPU
		{614A7B8F-3631-42D2-8D68-FCA3D77A20F7}.Trial|x64.ActiveCfg = Release|Any CPU
		{614A7B8F-3631-42D2-8D68-FCA3D77A20F7}.Trial|x64.Build.0 = Release|Any CPU
		{614A7B8F-3631-42D2-8D68-FCA3D77A20F7}.Trial|x86.ActiveCfg = Release|Any CPU
		{614A7B8F-3631-42D2-8D68-FCA3D77A20F7}.Trial|x86.Build.0 = Release|Any CPU
		{215A7945-668A-408E-8263-B63CBC8F044D}.Debug|Any CPU.ActiveCfg = Debug|Any CPU
		{215A7945-668A-408E-8263-B63CBC8F044D}.Debug|Any CPU.Build.0 = Debug|Any CPU
		{215A7945-668A-408E-8263-B63CBC8F044D}.Debug|ARM.ActiveCfg = Debug|Any CPU
		{215A7945-668A-408E-8263-B63CBC8F044D}.Debug|ARM.Build.0 = Debug|Any CPU
		{215A7945-668A-408E-8263-B63CBC8F044D}.Debug|x64.ActiveCfg = Debug|Any CPU
		{215A7945-668A-408E-8263-B63CBC8F044D}.Debug|x64.Build.0 = Debug|Any CPU
		{215A7945-668A-408E-8263-B63CBC8F044D}.Debug|x86.ActiveCfg = Debug|Any CPU
		{215A7945-668A-408E-8263-B63CBC8F044D}.Debug|x86.Build.0 = Debug|Any CPU
		{215A7945-668A-408E-8263-B63CBC8F044D}.Release|Any CPU.ActiveCfg = Release|Any CPU
		{215A7945-668A-408E-8263-B63CBC8F044D}.Release|Any CPU.Build.0 = Release|Any CPU
		{215A7945-668A-408E-8263-B63CBC8F044D}.Release|ARM.ActiveCfg = Release|Any CPU
		{215A7945-668A-408E-8263-B63CBC8F044D}.Release|ARM.Build.0 = Release|Any CPU
		{215A7945-668A-408E-8263-B63CBC8F044D}.Release|x64.ActiveCfg = Release|Any CPU
		{215A7945-668A-408E-8263-B63CBC8F044D}.Release|x64.Build.0 = Release|Any CPU
		{215A7945-668A-408E-8263-B63CBC8F044D}.Release|x86.ActiveCfg = Release|Any CPU
		{215A7945-668A-408E-8263-B63CBC8F044D}.Release|x86.Build.0 = Release|Any CPU
		{215A7945-668A-408E-8263-B63CBC8F044D}.Trial|Any CPU.ActiveCfg = Release|Any CPU
		{215A7945-668A-408E-8263-B63CBC8F044D}.Trial|Any CPU.Build.0 = Release|Any CPU
		{215A7945-668A-408E-8263-B63CBC8F044D}.Trial|ARM.ActiveCfg = Release|Any CPU
		{215A7945-668A-408E-8263-B63CBC8F044D}.Trial|ARM.Build.0 = Release|Any CPU
		{215A7945-668A-408E-8263-B63CBC8F044D}.Trial|x64.ActiveCfg = Release|Any CPU
		{215A7945-668A-408E-8263-B63CBC8F044D}.Trial|x64.Build.0 = Release|Any CPU
		{215A7945-668A-408E-8263-B63CBC8F044D}.Trial|x86.ActiveCfg = Release|Any CPU
		{215A7945-668A-408E-8263-B63CBC8F044D}.Trial|x86.Build.0 = Release|Any CPU
		{B87ED302-01EE-4A64-8608-DD5555AAE936}.Debug|Any CPU.ActiveCfg = Debug|Any CPU
		{B87ED302-01EE-4A64-8608-DD5555AAE936}.Debug|Any CPU.Build.0 = Debug|Any CPU
		{B87ED302-01EE-4A64-8608-DD5555AAE936}.Debug|ARM.ActiveCfg = Debug|Any CPU
		{B87ED302-01EE-4A64-8608-DD5555AAE936}.Debug|ARM.Build.0 = Debug|Any CPU
		{B87ED302-01EE-4A64-8608-DD5555AAE936}.Debug|x64.ActiveCfg = Debug|Any CPU
		{B87ED302-01EE-4A64-8608-DD5555AAE936}.Debug|x64.Build.0 = Debug|Any CPU
		{B87ED302-01EE-4A64-8608-DD5555AAE936}.Debug|x86.ActiveCfg = Debug|Any CPU
		{B87ED302-01EE-4A64-8608-DD5555AAE936}.Debug|x86.Build.0 = Debug|Any CPU
		{B87ED302-01EE-4A64-8608-DD5555AAE936}.Release|Any CPU.ActiveCfg = Debug|Any CPU
		{B87ED302-01EE-4A64-8608-DD5555AAE936}.Release|Any CPU.Build.0 = Debug|Any CPU
		{B87ED302-01EE-4A64-8608-DD5555AAE936}.Release|ARM.ActiveCfg = Debug|Any CPU
		{B87ED302-01EE-4A64-8608-DD5555AAE936}.Release|ARM.Build.0 = Debug|Any CPU
		{B87ED302-01EE-4A64-8608-DD5555AAE936}.Release|x64.ActiveCfg = Debug|Any CPU
		{B87ED302-01EE-4A64-8608-DD5555AAE936}.Release|x64.Build.0 = Debug|Any CPU
		{B87ED302-01EE-4A64-8608-DD5555AAE936}.Release|x86.ActiveCfg = Debug|Any CPU
		{B87ED302-01EE-4A64-8608-DD5555AAE936}.Release|x86.Build.0 = Debug|Any CPU
		{B87ED302-01EE-4A64-8608-DD5555AAE936}.Trial|Any CPU.ActiveCfg = Debug|Any CPU
		{B87ED302-01EE-4A64-8608-DD5555AAE936}.Trial|Any CPU.Build.0 = Debug|Any CPU
		{B87ED302-01EE-4A64-8608-DD5555AAE936}.Trial|ARM.ActiveCfg = Debug|Any CPU
		{B87ED302-01EE-4A64-8608-DD5555AAE936}.Trial|ARM.Build.0 = Debug|Any CPU
		{B87ED302-01EE-4A64-8608-DD5555AAE936}.Trial|x64.ActiveCfg = Debug|Any CPU
		{B87ED302-01EE-4A64-8608-DD5555AAE936}.Trial|x64.Build.0 = Debug|Any CPU
		{B87ED302-01EE-4A64-8608-DD5555AAE936}.Trial|x86.ActiveCfg = Debug|Any CPU
		{B87ED302-01EE-4A64-8608-DD5555AAE936}.Trial|x86.Build.0 = Debug|Any CPU
		{2AD7FC38-084C-40E0-84EC-194EDD4A2428}.Debug|Any CPU.ActiveCfg = Debug|Any CPU
		{2AD7FC38-084C-40E0-84EC-194EDD4A2428}.Debug|Any CPU.Build.0 = Debug|Any CPU
		{2AD7FC38-084C-40E0-84EC-194EDD4A2428}.Debug|ARM.ActiveCfg = Debug|Any CPU
		{2AD7FC38-084C-40E0-84EC-194EDD4A2428}.Debug|ARM.Build.0 = Debug|Any CPU
		{2AD7FC38-084C-40E0-84EC-194EDD4A2428}.Debug|x64.ActiveCfg = Debug|Any CPU
		{2AD7FC38-084C-40E0-84EC-194EDD4A2428}.Debug|x64.Build.0 = Debug|Any CPU
		{2AD7FC38-084C-40E0-84EC-194EDD4A2428}.Debug|x86.ActiveCfg = Debug|Any CPU
		{2AD7FC38-084C-40E0-84EC-194EDD4A2428}.Debug|x86.Build.0 = Debug|Any CPU
		{2AD7FC38-084C-40E0-84EC-194EDD4A2428}.Release|Any CPU.ActiveCfg = Release|Any CPU
		{2AD7FC38-084C-40E0-84EC-194EDD4A2428}.Release|Any CPU.Build.0 = Release|Any CPU
		{2AD7FC38-084C-40E0-84EC-194EDD4A2428}.Release|ARM.ActiveCfg = Release|Any CPU
		{2AD7FC38-084C-40E0-84EC-194EDD4A2428}.Release|ARM.Build.0 = Release|Any CPU
		{2AD7FC38-084C-40E0-84EC-194EDD4A2428}.Release|x64.ActiveCfg = Release|Any CPU
		{2AD7FC38-084C-40E0-84EC-194EDD4A2428}.Release|x64.Build.0 = Release|Any CPU
		{2AD7FC38-084C-40E0-84EC-194EDD4A2428}.Release|x86.ActiveCfg = Release|Any CPU
		{2AD7FC38-084C-40E0-84EC-194EDD4A2428}.Release|x86.Build.0 = Release|Any CPU
		{2AD7FC38-084C-40E0-84EC-194EDD4A2428}.Trial|Any CPU.ActiveCfg = Release|Any CPU
		{2AD7FC38-084C-40E0-84EC-194EDD4A2428}.Trial|Any CPU.Build.0 = Release|Any CPU
		{2AD7FC38-084C-40E0-84EC-194EDD4A2428}.Trial|ARM.ActiveCfg = Release|Any CPU
		{2AD7FC38-084C-40E0-84EC-194EDD4A2428}.Trial|ARM.Build.0 = Release|Any CPU
		{2AD7FC38-084C-40E0-84EC-194EDD4A2428}.Trial|x64.ActiveCfg = Release|Any CPU
		{2AD7FC38-084C-40E0-84EC-194EDD4A2428}.Trial|x64.Build.0 = Release|Any CPU
		{2AD7FC38-084C-40E0-84EC-194EDD4A2428}.Trial|x86.ActiveCfg = Release|Any CPU
		{2AD7FC38-084C-40E0-84EC-194EDD4A2428}.Trial|x86.Build.0 = Release|Any CPU
		{E5B28FDA-408D-46B9-95DE-8107429D2540}.Debug|Any CPU.ActiveCfg = Debug|x86
		{E5B28FDA-408D-46B9-95DE-8107429D2540}.Debug|ARM.ActiveCfg = Debug|ARM
		{E5B28FDA-408D-46B9-95DE-8107429D2540}.Debug|ARM.Build.0 = Debug|ARM
		{E5B28FDA-408D-46B9-95DE-8107429D2540}.Debug|ARM.Deploy.0 = Debug|ARM
		{E5B28FDA-408D-46B9-95DE-8107429D2540}.Debug|x64.ActiveCfg = Debug|x64
		{E5B28FDA-408D-46B9-95DE-8107429D2540}.Debug|x64.Build.0 = Debug|x64
		{E5B28FDA-408D-46B9-95DE-8107429D2540}.Debug|x64.Deploy.0 = Debug|x64
		{E5B28FDA-408D-46B9-95DE-8107429D2540}.Debug|x86.ActiveCfg = Debug|x86
		{E5B28FDA-408D-46B9-95DE-8107429D2540}.Debug|x86.Build.0 = Debug|x86
		{E5B28FDA-408D-46B9-95DE-8107429D2540}.Debug|x86.Deploy.0 = Debug|x86
		{E5B28FDA-408D-46B9-95DE-8107429D2540}.Release|Any CPU.ActiveCfg = Release|x86
		{E5B28FDA-408D-46B9-95DE-8107429D2540}.Release|ARM.ActiveCfg = Release|ARM
		{E5B28FDA-408D-46B9-95DE-8107429D2540}.Release|ARM.Build.0 = Release|ARM
		{E5B28FDA-408D-46B9-95DE-8107429D2540}.Release|ARM.Deploy.0 = Release|ARM
		{E5B28FDA-408D-46B9-95DE-8107429D2540}.Release|x64.ActiveCfg = Release|x64
		{E5B28FDA-408D-46B9-95DE-8107429D2540}.Release|x64.Build.0 = Release|x64
		{E5B28FDA-408D-46B9-95DE-8107429D2540}.Release|x64.Deploy.0 = Release|x64
		{E5B28FDA-408D-46B9-95DE-8107429D2540}.Release|x86.ActiveCfg = Release|x86
		{E5B28FDA-408D-46B9-95DE-8107429D2540}.Release|x86.Build.0 = Release|x86
		{E5B28FDA-408D-46B9-95DE-8107429D2540}.Release|x86.Deploy.0 = Release|x86
		{E5B28FDA-408D-46B9-95DE-8107429D2540}.Trial|Any CPU.ActiveCfg = Release|x64
		{E5B28FDA-408D-46B9-95DE-8107429D2540}.Trial|ARM.ActiveCfg = Release|ARM
		{E5B28FDA-408D-46B9-95DE-8107429D2540}.Trial|x64.ActiveCfg = Release|x64
		{E5B28FDA-408D-46B9-95DE-8107429D2540}.Trial|x86.ActiveCfg = Release|x86
		{DA41DF5B-30CD-4E14-A0E0-EA641C53F88A}.Debug|Any CPU.ActiveCfg = Debug|Any CPU
		{DA41DF5B-30CD-4E14-A0E0-EA641C53F88A}.Debug|Any CPU.Build.0 = Debug|Any CPU
		{DA41DF5B-30CD-4E14-A0E0-EA641C53F88A}.Debug|ARM.ActiveCfg = Debug|Any CPU
		{DA41DF5B-30CD-4E14-A0E0-EA641C53F88A}.Debug|ARM.Build.0 = Debug|Any CPU
		{DA41DF5B-30CD-4E14-A0E0-EA641C53F88A}.Debug|x64.ActiveCfg = Debug|Any CPU
		{DA41DF5B-30CD-4E14-A0E0-EA641C53F88A}.Debug|x64.Build.0 = Debug|Any CPU
		{DA41DF5B-30CD-4E14-A0E0-EA641C53F88A}.Debug|x86.ActiveCfg = Debug|Any CPU
		{DA41DF5B-30CD-4E14-A0E0-EA641C53F88A}.Debug|x86.Build.0 = Debug|Any CPU
		{DA41DF5B-30CD-4E14-A0E0-EA641C53F88A}.Release|Any CPU.ActiveCfg = Release|Any CPU
		{DA41DF5B-30CD-4E14-A0E0-EA641C53F88A}.Release|Any CPU.Build.0 = Release|Any CPU
		{DA41DF5B-30CD-4E14-A0E0-EA641C53F88A}.Release|ARM.ActiveCfg = Release|Any CPU
		{DA41DF5B-30CD-4E14-A0E0-EA641C53F88A}.Release|ARM.Build.0 = Release|Any CPU
		{DA41DF5B-30CD-4E14-A0E0-EA641C53F88A}.Release|x64.ActiveCfg = Release|Any CPU
		{DA41DF5B-30CD-4E14-A0E0-EA641C53F88A}.Release|x64.Build.0 = Release|Any CPU
		{DA41DF5B-30CD-4E14-A0E0-EA641C53F88A}.Release|x86.ActiveCfg = Release|Any CPU
		{DA41DF5B-30CD-4E14-A0E0-EA641C53F88A}.Release|x86.Build.0 = Release|Any CPU
		{DA41DF5B-30CD-4E14-A0E0-EA641C53F88A}.Trial|Any CPU.ActiveCfg = Release|Any CPU
		{DA41DF5B-30CD-4E14-A0E0-EA641C53F88A}.Trial|Any CPU.Build.0 = Release|Any CPU
		{DA41DF5B-30CD-4E14-A0E0-EA641C53F88A}.Trial|ARM.ActiveCfg = Release|Any CPU
		{DA41DF5B-30CD-4E14-A0E0-EA641C53F88A}.Trial|ARM.Build.0 = Release|Any CPU
		{DA41DF5B-30CD-4E14-A0E0-EA641C53F88A}.Trial|x64.ActiveCfg = Release|Any CPU
		{DA41DF5B-30CD-4E14-A0E0-EA641C53F88A}.Trial|x64.Build.0 = Release|Any CPU
		{DA41DF5B-30CD-4E14-A0E0-EA641C53F88A}.Trial|x86.ActiveCfg = Release|Any CPU
		{DA41DF5B-30CD-4E14-A0E0-EA641C53F88A}.Trial|x86.Build.0 = Release|Any CPU
		{4A7A994B-90DF-410E-BC26-4706AB40E239}.Debug|Any CPU.ActiveCfg = Debug|x86
		{4A7A994B-90DF-410E-BC26-4706AB40E239}.Debug|ARM.ActiveCfg = Debug|x86
		{4A7A994B-90DF-410E-BC26-4706AB40E239}.Debug|x64.ActiveCfg = Debug|x86
		{4A7A994B-90DF-410E-BC26-4706AB40E239}.Debug|x86.ActiveCfg = Debug|x86
		{4A7A994B-90DF-410E-BC26-4706AB40E239}.Debug|x86.Build.0 = Debug|x86
		{4A7A994B-90DF-410E-BC26-4706AB40E239}.Release|Any CPU.ActiveCfg = Release|x86
		{4A7A994B-90DF-410E-BC26-4706AB40E239}.Release|ARM.ActiveCfg = Release|x86
		{4A7A994B-90DF-410E-BC26-4706AB40E239}.Release|x64.ActiveCfg = Release|x86
		{4A7A994B-90DF-410E-BC26-4706AB40E239}.Release|x86.ActiveCfg = Release|x86
		{4A7A994B-90DF-410E-BC26-4706AB40E239}.Release|x86.Build.0 = Release|x86
		{4A7A994B-90DF-410E-BC26-4706AB40E239}.Trial|Any CPU.ActiveCfg = Release|x86
		{4A7A994B-90DF-410E-BC26-4706AB40E239}.Trial|Any CPU.Build.0 = Release|x86
		{4A7A994B-90DF-410E-BC26-4706AB40E239}.Trial|ARM.ActiveCfg = Release|x86
		{4A7A994B-90DF-410E-BC26-4706AB40E239}.Trial|ARM.Build.0 = Release|x86
		{4A7A994B-90DF-410E-BC26-4706AB40E239}.Trial|x64.ActiveCfg = Release|x86
		{4A7A994B-90DF-410E-BC26-4706AB40E239}.Trial|x64.Build.0 = Release|x86
		{4A7A994B-90DF-410E-BC26-4706AB40E239}.Trial|x86.ActiveCfg = Release|x86
		{4A7A994B-90DF-410E-BC26-4706AB40E239}.Trial|x86.Build.0 = Release|x86
		{DA00B3D9-7CE5-4634-A7D2-9A6D3F92C382}.Debug|Any CPU.ActiveCfg = Debug|Any CPU
		{DA00B3D9-7CE5-4634-A7D2-9A6D3F92C382}.Debug|Any CPU.Build.0 = Debug|Any CPU
		{DA00B3D9-7CE5-4634-A7D2-9A6D3F92C382}.Debug|ARM.ActiveCfg = Debug|Any CPU
		{DA00B3D9-7CE5-4634-A7D2-9A6D3F92C382}.Debug|ARM.Build.0 = Debug|Any CPU
		{DA00B3D9-7CE5-4634-A7D2-9A6D3F92C382}.Debug|x64.ActiveCfg = Debug|Any CPU
		{DA00B3D9-7CE5-4634-A7D2-9A6D3F92C382}.Debug|x64.Build.0 = Debug|Any CPU
		{DA00B3D9-7CE5-4634-A7D2-9A6D3F92C382}.Debug|x86.ActiveCfg = Debug|Any CPU
		{DA00B3D9-7CE5-4634-A7D2-9A6D3F92C382}.Debug|x86.Build.0 = Debug|Any CPU
		{DA00B3D9-7CE5-4634-A7D2-9A6D3F92C382}.Release|Any CPU.ActiveCfg = Release|Any CPU
		{DA00B3D9-7CE5-4634-A7D2-9A6D3F92C382}.Release|Any CPU.Build.0 = Release|Any CPU
		{DA00B3D9-7CE5-4634-A7D2-9A6D3F92C382}.Release|ARM.ActiveCfg = Release|Any CPU
		{DA00B3D9-7CE5-4634-A7D2-9A6D3F92C382}.Release|ARM.Build.0 = Release|Any CPU
		{DA00B3D9-7CE5-4634-A7D2-9A6D3F92C382}.Release|x64.ActiveCfg = Release|Any CPU
		{DA00B3D9-7CE5-4634-A7D2-9A6D3F92C382}.Release|x64.Build.0 = Release|Any CPU
		{DA00B3D9-7CE5-4634-A7D2-9A6D3F92C382}.Release|x86.ActiveCfg = Release|Any CPU
		{DA00B3D9-7CE5-4634-A7D2-9A6D3F92C382}.Release|x86.Build.0 = Release|Any CPU
		{DA00B3D9-7CE5-4634-A7D2-9A6D3F92C382}.Trial|Any CPU.ActiveCfg = Trial|Any CPU
		{DA00B3D9-7CE5-4634-A7D2-9A6D3F92C382}.Trial|Any CPU.Build.0 = Trial|Any CPU
		{DA00B3D9-7CE5-4634-A7D2-9A6D3F92C382}.Trial|ARM.ActiveCfg = Trial|Any CPU
		{DA00B3D9-7CE5-4634-A7D2-9A6D3F92C382}.Trial|ARM.Build.0 = Trial|Any CPU
		{DA00B3D9-7CE5-4634-A7D2-9A6D3F92C382}.Trial|x64.ActiveCfg = Trial|Any CPU
		{DA00B3D9-7CE5-4634-A7D2-9A6D3F92C382}.Trial|x64.Build.0 = Trial|Any CPU
		{DA00B3D9-7CE5-4634-A7D2-9A6D3F92C382}.Trial|x86.ActiveCfg = Trial|Any CPU
		{DA00B3D9-7CE5-4634-A7D2-9A6D3F92C382}.Trial|x86.Build.0 = Trial|Any CPU
	EndGlobalSection
	GlobalSection(SolutionProperties) = preSolution
		HideSolutionNode = FALSE
	EndGlobalSection
	GlobalSection(ExtensibilityGlobals) = postSolution
		SolutionGuid = {E1486192-7BD8-4A1D-89C0-7E6BE9342C93}
	EndGlobalSection
	GlobalSection(TeamFoundationVersionControl) = preSolution
		SccNumberOfProjects = 10
		SccEnterpriseProvider = {4CA58AB2-18FA-4F8D-95D4-32DDF27D184C}
		SccTeamFoundationServer = https://dev.azure.com/artortechnologies
		SccLocalPath0 = .
		SccProjectUniqueName1 = ControlMedicoApi\\ControlMedicoApi.csproj
		SccProjectName1 = ControlMedicoApi
		SccLocalPath1 = ControlMedicoApi
		SccProjectUniqueName2 = ControlMedicoApi.Tests\\ControlMedicoApi.Tests.csproj
		SccProjectName2 = ControlMedicoApi.Tests
		SccLocalPath2 = ControlMedicoApi.Tests
		SccProjectUniqueName3 = ControlMedicoWinForms\\ControlMedicoWinForms.csproj
		SccProjectName3 = ControlMedicoWinForms
		SccLocalPath3 = ControlMedicoWinForms
		SccWebProject4 = true
		SccProjectUniqueName4 = ControlMedicoWebAngular
		SccProjectName4 = ControlMedicoWebAngular
		SccLocalPath4 = ControlMedicoWebAngular
		SccProjectEnlistmentChoice4 = 2
		SccProjectUniqueName5 = ControlMedicoWpf\\ControlMedicoWpf.csproj
		SccProjectName5 = ControlMedicoWpf
		SccLocalPath5 = ControlMedicoWpf
		SccProjectUniqueName6 = ControlMedicoWindows\\ControlMedicoWindows.csproj
		SccProjectName6 = ControlMedicoWindows
		SccLocalPath6 = ControlMedicoWindows
		SccProjectUniqueName7 = ControlMedicoConnector\\ControlMedicoConnector.csproj
		SccProjectName7 = ControlMedicoConnector
		SccLocalPath7 = ControlMedicoConnector
		SccProjectUniqueName8 = ControlMedicoInstaller\\ControlMedicoInstaller.wixproj
		SccProjectName8 = ControlMedicoInstaller
		SccLocalPath8 = ControlMedicoInstaller
		SccProjectUniqueName9 = TextControl\\TextControl\\TextControl.csproj
		SccProjectName9 = TextControl/TextControl
		SccLocalPath9 = TextControl\\TextControl
	EndGlobalSection
EndGlobal
